
Microsoft Visual Studio Solution File, Format Version 12.00
# Visual Studio Version 17
VisualStudioVersion = 17.1.32421.90
MinimumVisualStudioVersion = 10.0.40219.1
Project("{FAE04EC0-301F-11D3-BF4B-00C04F79EFBC}") = "WebApplication1", "WebApplication1\WebApplication1.csproj", "{8354A34A-8E9F-482C-8EE1-5E27E664C24A}"
EndProject
Global
	GlobalSection(SolutionConfigurationPlatforms) = preSolution
		Debug|Any CPU = Debug|Any CPU
		Release|Any CPU = Release|Any CPU
	EndGlobalSection
	GlobalSection(ProjectConfigurationPlatforms) = postSolution
		{8354A34A-8E9F-482C-8EE1-5E27E664C24A}.Debug|Any CPU.ActiveCfg = Debug|Any CPU
		{8354A34A-8E9F-482C-8EE1-5E27E664C24A}.Debug|Any CPU.Build.0 = Debug|Any CPU
		{8354A34A-8E9F-482C-8EE1-5E27E664C24A}.Release|Any CPU.ActiveCfg = Release|Any CPU
		{8354A34A-8E9F-482C-8EE1-5E27E664C24A}.Release|Any CPU.Build.0 = Release|Any CPU
	EndGlobalSection
	GlobalSection(SolutionProperties) = preSolution
		HideSolutionNode = FALSE
	EndGlobalSection
	GlobalSection(ExtensibilityGlobals) = postSolution
		SolutionGuid = {97C812EB-4E39-46D2-8224-6A19AB885739}
	EndGlobalSection
EndGlobal
